// !$*UTF8*$!
{
	archiveVersion = 1;
	classes = {
	};
	objectVersion = 46;
	objects = {

/* Begin PBXBuildFile section */
		0BA507C01A97F92700881074 /* Bolts.framework in Frameworks */ = {isa = PBXBuildFile; fileRef = 0BA507BF1A97F92700881074 /* Bolts.framework */; };
		AA8739AD1A97F015000A2E45 /* Parse.framework in Frameworks */ = {isa = PBXBuildFile; fileRef = AA8739A81A97F015000A2E45 /* Parse.framework */; };
		AA8739AE1A97F015000A2E45 /* ParseCrashReporting.framework in Frameworks */ = {isa = PBXBuildFile; fileRef = AA8739A91A97F015000A2E45 /* ParseCrashReporting.framework */; };
		AA8739AF1A97F015000A2E45 /* ParseFacebookUtils.framework in Frameworks */ = {isa = PBXBuildFile; fileRef = AA8739AA1A97F015000A2E45 /* ParseFacebookUtils.framework */; };
		AA8739B01A97F015000A2E45 /* ParseUI.framework in Frameworks */ = {isa = PBXBuildFile; fileRef = AA8739AB1A97F015000A2E45 /* ParseUI.framework */; };
		AA8F662A1A8EA73700CA4604 /* main.m in Sources */ = {isa = PBXBuildFile; fileRef = AA8F66291A8EA73700CA4604 /* main.m */; };
		AA8F662D1A8EA73700CA4604 /* AppDelegate.m in Sources */ = {isa = PBXBuildFile; fileRef = AA8F662C1A8EA73700CA4604 /* AppDelegate.m */; };
		AA8F66301A8EA73700CA4604 /* ViewController.m in Sources */ = {isa = PBXBuildFile; fileRef = AA8F662F1A8EA73700CA4604 /* ViewController.m */; };
		AA8F66331A8EA73700CA4604 /* Main.storyboard in Resources */ = {isa = PBXBuildFile; fileRef = AA8F66311A8EA73700CA4604 /* Main.storyboard */; };
		AA8F66351A8EA73700CA4604 /* Images.xcassets in Resources */ = {isa = PBXBuildFile; fileRef = AA8F66341A8EA73700CA4604 /* Images.xcassets */; };
		AA8F66381A8EA73700CA4604 /* LaunchScreen.xib in Resources */ = {isa = PBXBuildFile; fileRef = AA8F66361A8EA73700CA4604 /* LaunchScreen.xib */; };
		AA8F66441A8EA73700CA4604 /* agoraTests.m in Sources */ = {isa = PBXBuildFile; fileRef = AA8F66431A8EA73700CA4604 /* agoraTests.m */; };
		AD7A5E881AA57552001C2DA8 /* FacebookSDK.framework in Frameworks */ = {isa = PBXBuildFile; fileRef = AD7A5E871AA57552001C2DA8 /* FacebookSDK.framework */; };
/* End PBXBuildFile section */

/* Begin PBXContainerItemProxy section */
		AA8F663E1A8EA73700CA4604 /* PBXContainerItemProxy */ = {
			isa = PBXContainerItemProxy;
			containerPortal = AA8F661C1A8EA73700CA4604 /* Project object */;
			proxyType = 1;
			remoteGlobalIDString = AA8F66231A8EA73700CA4604;
			remoteInfo = agora;
		};
/* End PBXContainerItemProxy section */

/* Begin PBXFileReference section */
		0BA507BF1A97F92700881074 /* Bolts.framework */ = {isa = PBXFileReference; lastKnownFileType = wrapper.framework; path = Bolts.framework; sourceTree = "<group>"; };
		AA8739A81A97F015000A2E45 /* Parse.framework */ = {isa = PBXFileReference; lastKnownFileType = wrapper.framework; path = Parse.framework; sourceTree = "<group>"; };
		AA8739A91A97F015000A2E45 /* ParseCrashReporting.framework */ = {isa = PBXFileReference; lastKnownFileType = wrapper.framework; path = ParseCrashReporting.framework; sourceTree = "<group>"; };
		AA8739AA1A97F015000A2E45 /* ParseFacebookUtils.framework */ = {isa = PBXFileReference; lastKnownFileType = wrapper.framework; path = ParseFacebookUtils.framework; sourceTree = "<group>"; };
		AA8739AB1A97F015000A2E45 /* ParseUI.framework */ = {isa = PBXFileReference; lastKnownFileType = wrapper.framework; path = ParseUI.framework; sourceTree = "<group>"; };
		AA8F66241A8EA73700CA4604 /* agora.app */ = {isa = PBXFileReference; explicitFileType = wrapper.application; includeInIndex = 0; path = agora.app; sourceTree = BUILT_PRODUCTS_DIR; };
		AA8F66281A8EA73700CA4604 /* Info.plist */ = {isa = PBXFileReference; lastKnownFileType = text.plist.xml; path = Info.plist; sourceTree = "<group>"; };
		AA8F66291A8EA73700CA4604 /* main.m */ = {isa = PBXFileReference; lastKnownFileType = sourcecode.c.objc; path = main.m; sourceTree = "<group>"; };
		AA8F662B1A8EA73700CA4604 /* AppDelegate.h */ = {isa = PBXFileReference; lastKnownFileType = sourcecode.c.h; path = AppDelegate.h; sourceTree = "<group>"; };
		AA8F662C1A8EA73700CA4604 /* AppDelegate.m */ = {isa = PBXFileReference; lastKnownFileType = sourcecode.c.objc; path = AppDelegate.m; sourceTree = "<group>"; };
		AA8F662E1A8EA73700CA4604 /* ViewController.h */ = {isa = PBXFileReference; lastKnownFileType = sourcecode.c.h; path = ViewController.h; sourceTree = "<group>"; };
		AA8F662F1A8EA73700CA4604 /* ViewController.m */ = {isa = PBXFileReference; lastKnownFileType = sourcecode.c.objc; path = ViewController.m; sourceTree = "<group>"; };
		AA8F66321A8EA73700CA4604 /* Base */ = {isa = PBXFileReference; lastKnownFileType = file.storyboard; name = Base; path = Base.lproj/Main.storyboard; sourceTree = "<group>"; };
		AA8F66341A8EA73700CA4604 /* Images.xcassets */ = {isa = PBXFileReference; lastKnownFileType = folder.assetcatalog; path = Images.xcassets; sourceTree = "<group>"; };
		AA8F66371A8EA73700CA4604 /* Base */ = {isa = PBXFileReference; lastKnownFileType = file.xib; name = Base; path = Base.lproj/LaunchScreen.xib; sourceTree = "<group>"; };
		AA8F663D1A8EA73700CA4604 /* agoraTests.xctest */ = {isa = PBXFileReference; explicitFileType = wrapper.cfbundle; includeInIndex = 0; path = agoraTests.xctest; sourceTree = BUILT_PRODUCTS_DIR; };
		AA8F66421A8EA73700CA4604 /* Info.plist */ = {isa = PBXFileReference; lastKnownFileType = text.plist.xml; path = Info.plist; sourceTree = "<group>"; };
		AA8F66431A8EA73700CA4604 /* agoraTests.m */ = {isa = PBXFileReference; lastKnownFileType = sourcecode.c.objc; path = agoraTests.m; sourceTree = "<group>"; };
		AD7A5E871AA57552001C2DA8 /* FacebookSDK.framework */ = {isa = PBXFileReference; lastKnownFileType = wrapper.framework; name = FacebookSDK.framework; path = ../../../../../Documents/FacebookSDK/FacebookSDK.framework; sourceTree = "<group>"; };
/* End PBXFileReference section */

/* Begin PBXFrameworksBuildPhase section */
		AA8F66211A8EA73700CA4604 /* Frameworks */ = {
			isa = PBXFrameworksBuildPhase;
			buildActionMask = 2147483647;
			files = (
				AD7A5E881AA57552001C2DA8 /* FacebookSDK.framework in Frameworks */,
				0BA507C01A97F92700881074 /* Bolts.framework in Frameworks */,
				AA8739AD1A97F015000A2E45 /* Parse.framework in Frameworks */,
				AA8739AE1A97F015000A2E45 /* ParseCrashReporting.framework in Frameworks */,
				AA8739B01A97F015000A2E45 /* ParseUI.framework in Frameworks */,
				AA8739AF1A97F015000A2E45 /* ParseFacebookUtils.framework in Frameworks */,
			);
			runOnlyForDeploymentPostprocessing = 0;
		};
		AA8F663A1A8EA73700CA4604 /* Frameworks */ = {
			isa = PBXFrameworksBuildPhase;
			buildActionMask = 2147483647;
			files = (
			);
			runOnlyForDeploymentPostprocessing = 0;
		};
/* End PBXFrameworksBuildPhase section */

/* Begin PBXGroup section */
		AA8739A61A97F015000A2E45 /* parse-library-1.6.3 */ = {
			isa = PBXGroup;
			children = (
				0BA507BF1A97F92700881074 /* Bolts.framework */,
				AA8739A81A97F015000A2E45 /* Parse.framework */,
				AA8739A91A97F015000A2E45 /* ParseCrashReporting.framework */,
				AA8739AA1A97F015000A2E45 /* ParseFacebookUtils.framework */,
				AA8739AB1A97F015000A2E45 /* ParseUI.framework */,
			);
			name = "parse-library-1.6.3";
			path = "agora/parse-library-1.6.3";
			sourceTree = "<group>";
		};
		AA8F661B1A8EA73700CA4604 = {
			isa = PBXGroup;
			children = (
				AD7A5E871AA57552001C2DA8 /* FacebookSDK.framework */,
				AA8739A61A97F015000A2E45 /* parse-library-1.6.3 */,
				AA8F66261A8EA73700CA4604 /* agora */,
				AA8F66401A8EA73700CA4604 /* agoraTests */,
				AA8F66251A8EA73700CA4604 /* Products */,
			);
			sourceTree = "<group>";
		};
		AA8F66251A8EA73700CA4604 /* Products */ = {
			isa = PBXGroup;
			children = (
				AA8F66241A8EA73700CA4604 /* agora.app */,
				AA8F663D1A8EA73700CA4604 /* agoraTests.xctest */,
			);
			name = Products;
			sourceTree = "<group>";
		};
		AA8F66261A8EA73700CA4604 /* agora */ = {
			isa = PBXGroup;
			children = (
				AA8F662B1A8EA73700CA4604 /* AppDelegate.h */,
				AA8F662C1A8EA73700CA4604 /* AppDelegate.m */,
				AA8F662E1A8EA73700CA4604 /* ViewController.h */,
				AA8F662F1A8EA73700CA4604 /* ViewController.m */,
				AA8F66311A8EA73700CA4604 /* Main.storyboard */,
				AA8F66341A8EA73700CA4604 /* Images.xcassets */,
				AA8F66361A8EA73700CA4604 /* LaunchScreen.xib */,
				AA8F66271A8EA73700CA4604 /* Supporting Files */,
			);
			path = agora;
			sourceTree = "<group>";
		};
		AA8F66271A8EA73700CA4604 /* Supporting Files */ = {
			isa = PBXGroup;
			children = (
				AA8F66281A8EA73700CA4604 /* Info.plist */,
				AA8F66291A8EA73700CA4604 /* main.m */,
			);
			name = "Supporting Files";
			sourceTree = "<group>";
		};
		AA8F66401A8EA73700CA4604 /* agoraTests */ = {
			isa = PBXGroup;
			children = (
				AA8F66431A8EA73700CA4604 /* agoraTests.m */,
				AA8F66411A8EA73700CA4604 /* Supporting Files */,
			);
			path = agoraTests;
			sourceTree = "<group>";
		};
		AA8F66411A8EA73700CA4604 /* Supporting Files */ = {
			isa = PBXGroup;
			children = (
				AA8F66421A8EA73700CA4604 /* Info.plist */,
			);
			name = "Supporting Files";
			sourceTree = "<group>";
		};
/* End PBXGroup section */

/* Begin PBXNativeTarget section */
		AA8F66231A8EA73700CA4604 /* agora */ = {
			isa = PBXNativeTarget;
			buildConfigurationList = AA8F66471A8EA73700CA4604 /* Build configuration list for PBXNativeTarget "agora" */;
			buildPhases = (
				AA8F66201A8EA73700CA4604 /* Sources */,
				AA8F66211A8EA73700CA4604 /* Frameworks */,
				AA8F66221A8EA73700CA4604 /* Resources */,
			);
			buildRules = (
			);
			dependencies = (
			);
			name = agora;
			productName = agora;
			productReference = AA8F66241A8EA73700CA4604 /* agora.app */;
			productType = "com.apple.product-type.application";
		};
		AA8F663C1A8EA73700CA4604 /* agoraTests */ = {
			isa = PBXNativeTarget;
			buildConfigurationList = AA8F664A1A8EA73700CA4604 /* Build configuration list for PBXNativeTarget "agoraTests" */;
			buildPhases = (
				AA8F66391A8EA73700CA4604 /* Sources */,
				AA8F663A1A8EA73700CA4604 /* Frameworks */,
				AA8F663B1A8EA73700CA4604 /* Resources */,
			);
			buildRules = (
			);
			dependencies = (
				AA8F663F1A8EA73700CA4604 /* PBXTargetDependency */,
			);
			name = agoraTests;
			productName = agoraTests;
			productReference = AA8F663D1A8EA73700CA4604 /* agoraTests.xctest */;
			productType = "com.apple.product-type.bundle.unit-test";
		};
/* End PBXNativeTarget section */

/* Begin PBXProject section */
		AA8F661C1A8EA73700CA4604 /* Project object */ = {
			isa = PBXProject;
			attributes = {
				LastUpgradeCheck = 0610;
				ORGANIZATIONNAME = Ethan;
				TargetAttributes = {
					AA8F66231A8EA73700CA4604 = {
						CreatedOnToolsVersion = 6.1.1;
					};
					AA8F663C1A8EA73700CA4604 = {
						CreatedOnToolsVersion = 6.1.1;
						TestTargetID = AA8F66231A8EA73700CA4604;
					};
				};
			};
			buildConfigurationList = AA8F661F1A8EA73700CA4604 /* Build configuration list for PBXProject "agora" */;
			compatibilityVersion = "Xcode 3.2";
			developmentRegion = English;
			hasScannedForEncodings = 0;
			knownRegions = (
				en,
				Base,
			);
			mainGroup = AA8F661B1A8EA73700CA4604;
			productRefGroup = AA8F66251A8EA73700CA4604 /* Products */;
			projectDirPath = "";
			projectRoot = "";
			targets = (
				AA8F66231A8EA73700CA4604 /* agora */,
				AA8F663C1A8EA73700CA4604 /* agoraTests */,
			);
		};
/* End PBXProject section */

/* Begin PBXResourcesBuildPhase section */
		AA8F66221A8EA73700CA4604 /* Resources */ = {
			isa = PBXResourcesBuildPhase;
			buildActionMask = 2147483647;
			files = (
				AA8F66331A8EA73700CA4604 /* Main.storyboard in Resources */,
				AA8F66381A8EA73700CA4604 /* LaunchScreen.xib in Resources */,
				AA8F66351A8EA73700CA4604 /* Images.xcassets in Resources */,
			);
			runOnlyForDeploymentPostprocessing = 0;
		};
		AA8F663B1A8EA73700CA4604 /* Resources */ = {
			isa = PBXResourcesBuildPhase;
			buildActionMask = 2147483647;
			files = (
			);
			runOnlyForDeploymentPostprocessing = 0;
		};
/* End PBXResourcesBuildPhase section */

/* Begin PBXSourcesBuildPhase section */
		AA8F66201A8EA73700CA4604 /* Sources */ = {
			isa = PBXSourcesBuildPhase;
			buildActionMask = 2147483647;
			files = (
				AA8F66301A8EA73700CA4604 /* ViewController.m in Sources */,
				AA8F662D1A8EA73700CA4604 /* AppDelegate.m in Sources */,
				AA8F662A1A8EA73700CA4604 /* main.m in Sources */,
			);
			runOnlyForDeploymentPostprocessing = 0;
		};
		AA8F66391A8EA73700CA4604 /* Sources */ = {
			isa = PBXSourcesBuildPhase;
			buildActionMask = 2147483647;
			files = (
				AA8F66441A8EA73700CA4604 /* agoraTests.m in Sources */,
			);
			runOnlyForDeploymentPostprocessing = 0;
		};
/* End PBXSourcesBuildPhase section */

/* Begin PBXTargetDependency section */
		AA8F663F1A8EA73700CA4604 /* PBXTargetDependency */ = {
			isa = PBXTargetDependency;
			target = AA8F66231A8EA73700CA4604 /* agora */;
			targetProxy = AA8F663E1A8EA73700CA4604 /* PBXContainerItemProxy */;
		};
/* End PBXTargetDependency section */

/* Begin PBXVariantGroup section */
		AA8F66311A8EA73700CA4604 /* Main.storyboard */ = {
			isa = PBXVariantGroup;
			children = (
				AA8F66321A8EA73700CA4604 /* Base */,
			);
			name = Main.storyboard;
			sourceTree = "<group>";
		};
		AA8F66361A8EA73700CA4604 /* LaunchScreen.xib */ = {
			isa = PBXVariantGroup;
			children = (
				AA8F66371A8EA73700CA4604 /* Base */,
			);
			name = LaunchScreen.xib;
			sourceTree = "<group>";
		};
/* End PBXVariantGroup section */

/* Begin XCBuildConfiguration section */
		AA8F66451A8EA73700CA4604 /* Debug */ = {
			isa = XCBuildConfiguration;
			buildSettings = {
				ALWAYS_SEARCH_USER_PATHS = NO;
				CLANG_CXX_LANGUAGE_STANDARD = "gnu++0x";
				CLANG_CXX_LIBRARY = "libc++";
				CLANG_ENABLE_MODULES = YES;
				CLANG_ENABLE_OBJC_ARC = YES;
				CLANG_WARN_BOOL_CONVERSION = YES;
				CLANG_WARN_CONSTANT_CONVERSION = YES;
				CLANG_WARN_DIRECT_OBJC_ISA_USAGE = YES_ERROR;
				CLANG_WARN_EMPTY_BODY = YES;
				CLANG_WARN_ENUM_CONVERSION = YES;
				CLANG_WARN_INT_CONVERSION = YES;
				CLANG_WARN_OBJC_ROOT_CLASS = YES_ERROR;
				CLANG_WARN_UNREACHABLE_CODE = YES;
				CLANG_WARN__DUPLICATE_METHOD_MATCH = YES;
				"CODE_SIGN_IDENTITY[sdk=iphoneos*]" = "iPhone Developer";
				COPY_PHASE_STRIP = NO;
				ENABLE_STRICT_OBJC_MSGSEND = YES;
				GCC_C_LANGUAGE_STANDARD = gnu99;
				GCC_DYNAMIC_NO_PIC = NO;
				GCC_OPTIMIZATION_LEVEL = 0;
				GCC_PREPROCESSOR_DEFINITIONS = (
					"DEBUG=1",
					"$(inherited)",
				);
				GCC_SYMBOLS_PRIVATE_EXTERN = NO;
				GCC_WARN_64_TO_32_BIT_CONVERSION = YES;
				GCC_WARN_ABOUT_RETURN_TYPE = YES_ERROR;
				GCC_WARN_UNDECLARED_SELECTOR = YES;
				GCC_WARN_UNINITIALIZED_AUTOS = YES_AGGRESSIVE;
				GCC_WARN_UNUSED_FUNCTION = YES;
				GCC_WARN_UNUSED_VARIABLE = YES;
				IPHONEOS_DEPLOYMENT_TARGET = 8.1;
				MTL_ENABLE_DEBUG_INFO = YES;
				ONLY_ACTIVE_ARCH = YES;
				SDKROOT = iphoneos;
			};
			name = Debug;
		};
		AA8F66461A8EA73700CA4604 /* Release */ = {
			isa = XCBuildConfiguration;
			buildSettings = {
				ALWAYS_SEARCH_USER_PATHS = NO;
				CLANG_CXX_LANGUAGE_STANDARD = "gnu++0x";
				CLANG_CXX_LIBRARY = "libc++";
				CLANG_ENABLE_MODULES = YES;
				CLANG_ENABLE_OBJC_ARC = YES;
				CLANG_WARN_BOOL_CONVERSION = YES;
				CLANG_WARN_CONSTANT_CONVERSION = YES;
				CLANG_WARN_DIRECT_OBJC_ISA_USAGE = YES_ERROR;
				CLANG_WARN_EMPTY_BODY = YES;
				CLANG_WARN_ENUM_CONVERSION = YES;
				CLANG_WARN_INT_CONVERSION = YES;
				CLANG_WARN_OBJC_ROOT_CLASS = YES_ERROR;
				CLANG_WARN_UNREACHABLE_CODE = YES;
				CLANG_WARN__DUPLICATE_METHOD_MATCH = YES;
				"CODE_SIGN_IDENTITY[sdk=iphoneos*]" = "iPhone Developer";
				COPY_PHASE_STRIP = YES;
				ENABLE_NS_ASSERTIONS = NO;
				ENABLE_STRICT_OBJC_MSGSEND = YES;
				GCC_C_LANGUAGE_STANDARD = gnu99;
				GCC_WARN_64_TO_32_BIT_CONVERSION = YES;
				GCC_WARN_ABOUT_RETURN_TYPE = YES_ERROR;
				GCC_WARN_UNDECLARED_SELECTOR = YES;
				GCC_WARN_UNINITIALIZED_AUTOS = YES_AGGRESSIVE;
				GCC_WARN_UNUSED_FUNCTION = YES;
				GCC_WARN_UNUSED_VARIABLE = YES;
				IPHONEOS_DEPLOYMENT_TARGET = 8.1;
				MTL_ENABLE_DEBUG_INFO = NO;
				SDKROOT = iphoneos;
				VALIDATE_PRODUCT = YES;
			};
			name = Release;
		};
		AA8F66481A8EA73700CA4604 /* Debug */ = {
			isa = XCBuildConfiguration;
			buildSettings = {
				ASSETCATALOG_COMPILER_APPICON_NAME = AppIcon;
				FRAMEWORK_SEARCH_PATHS = (
					"$(inherited)",
					"$(PROJECT_DIR)/agora/parse-library-1.6.3",
					/Documents/FacebookSDK,
				);
				INFOPLIST_FILE = agora/Info.plist;
				LD_RUNPATH_SEARCH_PATHS = "$(inherited) @executable_path/Frameworks";
				PRODUCT_NAME = "$(TARGET_NAME)";
			};
			name = Debug;
		};
		AA8F66491A8EA73700CA4604 /* Release */ = {
			isa = XCBuildConfiguration;
			buildSettings = {
				ASSETCATALOG_COMPILER_APPICON_NAME = AppIcon;
				FRAMEWORK_SEARCH_PATHS = (
					"$(inherited)",
					"$(PROJECT_DIR)/agora/parse-library-1.6.3",
					/Documents/FacebookSDK,
				);
				INFOPLIST_FILE = agora/Info.plist;
				LD_RUNPATH_SEARCH_PATHS = "$(inherited) @executable_path/Frameworks";
				PRODUCT_NAME = "$(TARGET_NAME)";
			};
			name = Release;
		};
		AA8F664B1A8EA73700CA4604 /* Debug */ = {
			isa = XCBuildConfiguration;
			buildSettings = {
				BUNDLE_LOADER = "$(TEST_HOST)";
				FRAMEWORK_SEARCH_PATHS = (
					"$(SDKROOT)/Developer/Library/Frameworks",
					"$(inherited)",
				);
				GCC_PREPROCESSOR_DEFINITIONS = (
					"DEBUG=1",
					"$(inherited)",
				);
				INFOPLIST_FILE = agoraTests/Info.plist;
				LD_RUNPATH_SEARCH_PATHS = "$(inherited) @executable_path/Frameworks @loader_path/Frameworks";
				PRODUCT_NAME = "$(TARGET_NAME)";
				TEST_HOST = "$(BUILT_PRODUCTS_DIR)/agora.app/agora";
			};
			name = Debug;
		};
		AA8F664C1A8EA73700CA4604 /* Release */ = {
			isa = XCBuildConfiguration;
			buildSettings = {
				BUNDLE_LOADER = "$(TEST_HOST)";
				FRAMEWORK_SEARCH_PATHS = (
					"$(SDKROOT)/Developer/Library/Frameworks",
					"$(inherited)",
				);
				INFOPLIST_FILE = agoraTests/Info.plist;
				LD_RUNPATH_SEARCH_PATHS = "$(inherited) @executable_path/Frameworks @loader_path/Frameworks";
				PRODUCT_NAME = "$(TARGET_NAME)";
				TEST_HOST = "$(BUILT_PRODUCTS_DIR)/agora.app/agora";
			};
			name = Release;
		};
/* End XCBuildConfiguration section */

/* Begin XCConfigurationList section */
		AA8F661F1A8EA73700CA4604 /* Build configuration list for PBXProject "agora" */ = {
			isa = XCConfigurationList;
			buildConfigurations = (
				AA8F66451A8EA73700CA4604 /* Debug */,
				AA8F66461A8EA73700CA4604 /* Release */,
			);
			defaultConfigurationIsVisible = 0;
			defaultConfigurationName = Release;
		};
		AA8F66471A8EA73700CA4604 /* Build configuration list for PBXNativeTarget "agora" */ = {
			isa = XCConfigurationList;
			buildConfigurations = (
				AA8F66481A8EA73700CA4604 /* Debug */,
				AA8F66491A8EA73700CA4604 /* Release */,
			);
			defaultConfigurationIsVisible = 0;
			defaultConfigurationName = Release;
		};
		AA8F664A1A8EA73700CA4604 /* Build configuration list for PBXNativeTarget "agoraTests" */ = {
			isa = XCConfigurationList;
			buildConfigurations = (
				AA8F664B1A8EA73700CA4604 /* Debug */,
				AA8F664C1A8EA73700CA4604 /* Release */,
			);
			defaultConfigurationIsVisible = 0;
			defaultConfigurationName = Release;
		};
/* End XCConfigurationList section */
	};
	rootObject = AA8F661C1A8EA73700CA4604 /* Project object */;
}
