// !$*UTF8*$!
{
	archiveVersion = 1;
	classes = {
	};
	objectVersion = 46;
	objects = {

/* Begin PBXBuildFile section */
		0B4664CD1ACBAECD00E9A3E8 /* Entitlements.plist in Resources */ = {isa = PBXBuildFile; fileRef = 0B4664CC1ACBAECD00E9A3E8 /* Entitlements.plist */; };
		0B58E4CF1ACFC27300694BE8 /* Main.storyboard in Resources */ = {isa = PBXBuildFile; fileRef = 0B58E4CD1ACFC27300694BE8 /* Main.storyboard */; };
		0B5A58F51AD5BD2C005DD9C3 /* AddPostViewCell.m in Sources */ = {isa = PBXBuildFile; fileRef = 0B5A58F41AD5BD2C005DD9C3 /* AddPostViewCell.m */; };
		0B8996CC1ACE1CFB00357EC3 /* Parse.framework in Frameworks */ = {isa = PBXBuildFile; fileRef = 0B8996C61ACE1CFB00357EC3 /* Parse.framework */; };
		0B8996CD1ACE1CFB00357EC3 /* ParseCrashReporting.framework in Frameworks */ = {isa = PBXBuildFile; fileRef = 0B8996C71ACE1CFB00357EC3 /* ParseCrashReporting.framework */; };
		0B8996D01ACE1CFB00357EC3 /* ParseUI.framework in Frameworks */ = {isa = PBXBuildFile; fileRef = 0B8996CA1ACE1CFB00357EC3 /* ParseUI.framework */; };
		0BA532401AB7CC6000A730C6 /* BrowseCollectionViewController.m in Sources */ = {isa = PBXBuildFile; fileRef = 0BA5323D1AB7CC6000A730C6 /* BrowseCollectionViewController.m */; };
		0BA532411AB7CC6000A730C6 /* LoginViewController.m in Sources */ = {isa = PBXBuildFile; fileRef = 0BA5323F1AB7CC6000A730C6 /* LoginViewController.m */; };
		0BA532471AB7CCB000A730C6 /* ParseInterface.m in Sources */ = {isa = PBXBuildFile; fileRef = 0BA532461AB7CCB000A730C6 /* ParseInterface.m */; };
		0BC025641ABB27860076A09B /* AddPostViewController.m in Sources */ = {isa = PBXBuildFile; fileRef = 0BC025631ABB27860076A09B /* AddPostViewController.m */; };
		0BC025681ABB2E390076A09B /* PostCollectionViewCell.m in Sources */ = {isa = PBXBuildFile; fileRef = 0BC025671ABB2E390076A09B /* PostCollectionViewCell.m */; };
		0BC0256B1ABB3ECB0076A09B /* DetailedPostViewController.m in Sources */ = {isa = PBXBuildFile; fileRef = 0BC0256A1ABB3ECB0076A09B /* DetailedPostViewController.m */; };
		0BCC9C551ACFAA8A00A75108 /* AddPostButton.m in Sources */ = {isa = PBXBuildFile; fileRef = 0BCC9C541ACFAA8A00A75108 /* AddPostButton.m */; };
		0BDE0BB41AD9D7230007972B /* Bolts.framework in Frameworks */ = {isa = PBXBuildFile; fileRef = 0BE047281AD8502300949C69 /* Bolts.framework */; };
		0BF40ABB1ACE215C0034A1E5 /* FBSDKCoreKit.framework in Frameworks */ = {isa = PBXBuildFile; fileRef = 0BF40AB81ACE215C0034A1E5 /* FBSDKCoreKit.framework */; };
		0BF40ABC1ACE215C0034A1E5 /* FBSDKMessengerShareKit.framework in Frameworks */ = {isa = PBXBuildFile; fileRef = 0BF40AB91ACE215C0034A1E5 /* FBSDKMessengerShareKit.framework */; };
		0BF40ABD1ACE215C0034A1E5 /* FBSDKShareKit.framework in Frameworks */ = {isa = PBXBuildFile; fileRef = 0BF40ABA1ACE215C0034A1E5 /* FBSDKShareKit.framework */; };
		0BF40AC11ACE28CC0034A1E5 /* FBSDKLoginKit.framework in Frameworks */ = {isa = PBXBuildFile; fileRef = 0BF40AC01ACE28CC0034A1E5 /* FBSDKLoginKit.framework */; };
		0BF40AC31ACE2A9A0034A1E5 /* ParseFacebookUtilsV4.framework in Frameworks */ = {isa = PBXBuildFile; fileRef = 0BF40ABE1ACE21900034A1E5 /* ParseFacebookUtilsV4.framework */; };
		9E2DA4371AD3705400296C34 /* ManageTableViewCell.m in Sources */ = {isa = PBXBuildFile; fileRef = 9E2DA4361AD3705400296C34 /* ManageTableViewCell.m */; };
		9EFE8A881AB7CED1000018F7 /* Social.framework in Frameworks */ = {isa = PBXBuildFile; fileRef = 9EFE8A831AB7C475000018F7 /* Social.framework */; };
		9EFE8A8A1AB7CF4C000018F7 /* Accounts.framework in Frameworks */ = {isa = PBXBuildFile; fileRef = 9EFE8A891AB7CF4C000018F7 /* Accounts.framework */; };
		AA49384A1AD21470000FCC9B /* UIImage+ImageEffects.m in Sources */ = {isa = PBXBuildFile; fileRef = AA4938491AD21470000FCC9B /* UIImage+ImageEffects.m */; };
		AA49384D1AD215D9000FCC9B /* UILabel+FormattedText.m in Sources */ = {isa = PBXBuildFile; fileRef = AA49384B1AD215D9000FCC9B /* UILabel+FormattedText.m */; };
		AA4938501AD24C51000FCC9B /* slideItemTVC.m in Sources */ = {isa = PBXBuildFile; fileRef = AA49384F1AD24C51000FCC9B /* slideItemTVC.m */; };
		AA4938531AD24C9F000FCC9B /* ManageTableVC.m in Sources */ = {isa = PBXBuildFile; fileRef = AA4938521AD24C9F000FCC9B /* ManageTableVC.m */; };
		AA5A86941ACA09C0005DAF4A /* SlideItemVC.m in Sources */ = {isa = PBXBuildFile; fileRef = AA5A86931ACA09C0005DAF4A /* SlideItemVC.m */; };
		AA5A86971ACA0A63005DAF4A /* RootVC.m in Sources */ = {isa = PBXBuildFile; fileRef = AA5A86961ACA0A63005DAF4A /* RootVC.m */; };
		AA5A869D1ACA572B005DAF4A /* SlideItemCVC.m in Sources */ = {isa = PBXBuildFile; fileRef = AA5A869C1ACA572B005DAF4A /* SlideItemCVC.m */; };
		AA87F4871ACF4C1900AA6AB1 /* UIColor+AGColors.m in Sources */ = {isa = PBXBuildFile; fileRef = AA87F4861ACF4C1900AA6AB1 /* UIColor+AGColors.m */; };
		AA8F662A1A8EA73700CA4604 /* main.m in Sources */ = {isa = PBXBuildFile; fileRef = AA8F66291A8EA73700CA4604 /* main.m */; };
		AA8F662D1A8EA73700CA4604 /* AppDelegate.m in Sources */ = {isa = PBXBuildFile; fileRef = AA8F662C1A8EA73700CA4604 /* AppDelegate.m */; };
		AA8F66351A8EA73700CA4604 /* Images.xcassets in Resources */ = {isa = PBXBuildFile; fileRef = AA8F66341A8EA73700CA4604 /* Images.xcassets */; };
		AA8F66381A8EA73700CA4604 /* LaunchScreen.xib in Resources */ = {isa = PBXBuildFile; fileRef = AA8F66361A8EA73700CA4604 /* LaunchScreen.xib */; };
		AA8F66441A8EA73700CA4604 /* agoraTests.m in Sources */ = {isa = PBXBuildFile; fileRef = AA8F66431A8EA73700CA4604 /* agoraTests.m */; };
		AAA611B91AD9076000535A7E /* ChatVC.m in Sources */ = {isa = PBXBuildFile; fileRef = AAA611B81AD9076000535A7E /* ChatVC.m */; };
		AAA611BC1AD9085F00535A7E /* SettingsVC.m in Sources */ = {isa = PBXBuildFile; fileRef = AAA611BB1AD9085F00535A7E /* SettingsVC.m */; };
		AAF958D21AD3B9FE00C1C7D5 /* UIButton+FormatText.m in Sources */ = {isa = PBXBuildFile; fileRef = AAF958D11AD3B9FE00C1C7D5 /* UIButton+FormatText.m */; };
		AD958F521AA598C100ABCFB3 /* libsqlite3.dylib in Frameworks */ = {isa = PBXBuildFile; fileRef = AD958F511AA598C100ABCFB3 /* libsqlite3.dylib */; };
		AD958F541AA5994500ABCFB3 /* AudioToolbox.framework in Frameworks */ = {isa = PBXBuildFile; fileRef = AD958F531AA5994500ABCFB3 /* AudioToolbox.framework */; };
		AD958F561AA5997600ABCFB3 /* SystemConfiguration.framework in Frameworks */ = {isa = PBXBuildFile; fileRef = AD958F551AA5997600ABCFB3 /* SystemConfiguration.framework */; };
		AD958F581AA599C800ABCFB3 /* MobileCoreServices.framework in Frameworks */ = {isa = PBXBuildFile; fileRef = AD958F571AA599C800ABCFB3 /* MobileCoreServices.framework */; };
		AD9A769E1AD8A22300BB2C23 /* Firebase.framework in Frameworks */ = {isa = PBXBuildFile; fileRef = AD9A769D1AD8A22300BB2C23 /* Firebase.framework */; };
		AD9A76A01AD8A24400BB2C23 /* libicucore.dylib in Frameworks */ = {isa = PBXBuildFile; fileRef = AD9A769F1AD8A24400BB2C23 /* libicucore.dylib */; };
		AD9A76A21AD8A25000BB2C23 /* libc++.dylib in Frameworks */ = {isa = PBXBuildFile; fileRef = AD9A76A11AD8A25000BB2C23 /* libc++.dylib */; };
		AD9A76A41AD8A26200BB2C23 /* CFNetwork.framework in Frameworks */ = {isa = PBXBuildFile; fileRef = AD9A76A31AD8A26200BB2C23 /* CFNetwork.framework */; };
		AD9A76A61AD8A27600BB2C23 /* Security.framework in Frameworks */ = {isa = PBXBuildFile; fileRef = AD9A76A51AD8A27600BB2C23 /* Security.framework */; };
		ADA500F11ABF6E7C000D6D9E /* Post.m in Sources */ = {isa = PBXBuildFile; fileRef = ADA500F01ABF6E7C000D6D9E /* Post.m */; };
/* End PBXBuildFile section */

/* Begin PBXContainerItemProxy section */
		AA8F663E1A8EA73700CA4604 /* PBXContainerItemProxy */ = {
			isa = PBXContainerItemProxy;
			containerPortal = AA8F661C1A8EA73700CA4604 /* Project object */;
			proxyType = 1;
			remoteGlobalIDString = AA8F66231A8EA73700CA4604;
			remoteInfo = agora;
		};
/* End PBXContainerItemProxy section */

/* Begin PBXFileReference section */
		0B4664CC1ACBAECD00E9A3E8 /* Entitlements.plist */ = {isa = PBXFileReference; fileEncoding = 4; lastKnownFileType = text.plist.xml; path = Entitlements.plist; sourceTree = SOURCE_ROOT; };
		0B58E4CE1ACFC27300694BE8 /* Base */ = {isa = PBXFileReference; lastKnownFileType = file.storyboard; name = Base; path = Base.lproj/Main.storyboard; sourceTree = "<group>"; };
		0B5A58F31AD5BD2C005DD9C3 /* AddPostViewCell.h */ = {isa = PBXFileReference; fileEncoding = 4; lastKnownFileType = sourcecode.c.h; path = AddPostViewCell.h; sourceTree = "<group>"; };
		0B5A58F41AD5BD2C005DD9C3 /* AddPostViewCell.m */ = {isa = PBXFileReference; fileEncoding = 4; lastKnownFileType = sourcecode.c.objc; path = AddPostViewCell.m; sourceTree = "<group>"; };
		0B8996C61ACE1CFB00357EC3 /* Parse.framework */ = {isa = PBXFileReference; lastKnownFileType = wrapper.framework; path = Parse.framework; sourceTree = "<group>"; };
		0B8996C71ACE1CFB00357EC3 /* ParseCrashReporting.framework */ = {isa = PBXFileReference; lastKnownFileType = wrapper.framework; path = ParseCrashReporting.framework; sourceTree = "<group>"; };
		0B8996CA1ACE1CFB00357EC3 /* ParseUI.framework */ = {isa = PBXFileReference; lastKnownFileType = wrapper.framework; path = ParseUI.framework; sourceTree = "<group>"; };
		0BA5323C1AB7CC6000A730C6 /* BrowseCollectionViewController.h */ = {isa = PBXFileReference; fileEncoding = 4; lastKnownFileType = sourcecode.c.h; path = BrowseCollectionViewController.h; sourceTree = "<group>"; };
		0BA5323D1AB7CC6000A730C6 /* BrowseCollectionViewController.m */ = {isa = PBXFileReference; fileEncoding = 4; lastKnownFileType = sourcecode.c.objc; path = BrowseCollectionViewController.m; sourceTree = "<group>"; };
		0BA5323E1AB7CC6000A730C6 /* LoginViewController.h */ = {isa = PBXFileReference; fileEncoding = 4; lastKnownFileType = sourcecode.c.h; path = LoginViewController.h; sourceTree = "<group>"; };
		0BA5323F1AB7CC6000A730C6 /* LoginViewController.m */ = {isa = PBXFileReference; fileEncoding = 4; lastKnownFileType = sourcecode.c.objc; path = LoginViewController.m; sourceTree = "<group>"; };
		0BA532451AB7CCB000A730C6 /* ParseInterface.h */ = {isa = PBXFileReference; fileEncoding = 4; lastKnownFileType = sourcecode.c.h; path = ParseInterface.h; sourceTree = "<group>"; };
		0BA532461AB7CCB000A730C6 /* ParseInterface.m */ = {isa = PBXFileReference; fileEncoding = 4; lastKnownFileType = sourcecode.c.objc; path = ParseInterface.m; sourceTree = "<group>"; };
		0BC025621ABB27860076A09B /* AddPostViewController.h */ = {isa = PBXFileReference; fileEncoding = 4; lastKnownFileType = sourcecode.c.h; path = AddPostViewController.h; sourceTree = "<group>"; };
		0BC025631ABB27860076A09B /* AddPostViewController.m */ = {isa = PBXFileReference; fileEncoding = 4; lastKnownFileType = sourcecode.c.objc; path = AddPostViewController.m; sourceTree = "<group>"; };
		0BC025661ABB2E390076A09B /* PostCollectionViewCell.h */ = {isa = PBXFileReference; fileEncoding = 4; lastKnownFileType = sourcecode.c.h; path = PostCollectionViewCell.h; sourceTree = "<group>"; };
		0BC025671ABB2E390076A09B /* PostCollectionViewCell.m */ = {isa = PBXFileReference; fileEncoding = 4; lastKnownFileType = sourcecode.c.objc; path = PostCollectionViewCell.m; sourceTree = "<group>"; };
		0BC025691ABB3ECB0076A09B /* DetailedPostViewController.h */ = {isa = PBXFileReference; fileEncoding = 4; lastKnownFileType = sourcecode.c.h; path = DetailedPostViewController.h; sourceTree = "<group>"; };
		0BC0256A1ABB3ECB0076A09B /* DetailedPostViewController.m */ = {isa = PBXFileReference; fileEncoding = 4; lastKnownFileType = sourcecode.c.objc; path = DetailedPostViewController.m; sourceTree = "<group>"; };
		0BCC9C531ACFAA8A00A75108 /* AddPostButton.h */ = {isa = PBXFileReference; fileEncoding = 4; lastKnownFileType = sourcecode.c.h; path = AddPostButton.h; sourceTree = "<group>"; };
		0BCC9C541ACFAA8A00A75108 /* AddPostButton.m */ = {isa = PBXFileReference; fileEncoding = 4; lastKnownFileType = sourcecode.c.objc; path = AddPostButton.m; sourceTree = "<group>"; };
		0BE047281AD8502300949C69 /* Bolts.framework */ = {isa = PBXFileReference; lastKnownFileType = wrapper.framework; path = Bolts.framework; sourceTree = "<group>"; };
		0BF40AB81ACE215C0034A1E5 /* FBSDKCoreKit.framework */ = {isa = PBXFileReference; lastKnownFileType = wrapper.framework; name = FBSDKCoreKit.framework; path = agora/FacebookSDK/FBSDKCoreKit.framework; sourceTree = "<group>"; };
		0BF40AB91ACE215C0034A1E5 /* FBSDKMessengerShareKit.framework */ = {isa = PBXFileReference; lastKnownFileType = wrapper.framework; name = FBSDKMessengerShareKit.framework; path = agora/FacebookSDK/FBSDKMessengerShareKit.framework; sourceTree = "<group>"; };
		0BF40ABA1ACE215C0034A1E5 /* FBSDKShareKit.framework */ = {isa = PBXFileReference; lastKnownFileType = wrapper.framework; name = FBSDKShareKit.framework; path = agora/FacebookSDK/FBSDKShareKit.framework; sourceTree = "<group>"; };
		0BF40ABE1ACE21900034A1E5 /* ParseFacebookUtilsV4.framework */ = {isa = PBXFileReference; lastKnownFileType = wrapper.framework; path = ParseFacebookUtilsV4.framework; sourceTree = "<group>"; };
		0BF40AC01ACE28CC0034A1E5 /* FBSDKLoginKit.framework */ = {isa = PBXFileReference; lastKnownFileType = wrapper.framework; name = FBSDKLoginKit.framework; path = agora/FacebookSDK/FBSDKLoginKit.framework; sourceTree = "<group>"; };
		9E2DA4351AD3705400296C34 /* ManageTableViewCell.h */ = {isa = PBXFileReference; fileEncoding = 4; lastKnownFileType = sourcecode.c.h; path = ManageTableViewCell.h; sourceTree = "<group>"; };
		9E2DA4361AD3705400296C34 /* ManageTableViewCell.m */ = {isa = PBXFileReference; fileEncoding = 4; lastKnownFileType = sourcecode.c.objc; path = ManageTableViewCell.m; sourceTree = "<group>"; };
		9EFE8A7A1AB7B819000018F7 /* Post.h */ = {isa = PBXFileReference; fileEncoding = 4; lastKnownFileType = sourcecode.c.h; path = Post.h; sourceTree = "<group>"; };
		9EFE8A831AB7C475000018F7 /* Social.framework */ = {isa = PBXFileReference; lastKnownFileType = wrapper.framework; name = Social.framework; path = System/Library/Frameworks/Social.framework; sourceTree = SDKROOT; };
		9EFE8A891AB7CF4C000018F7 /* Accounts.framework */ = {isa = PBXFileReference; lastKnownFileType = wrapper.framework; name = Accounts.framework; path = System/Library/Frameworks/Accounts.framework; sourceTree = SDKROOT; };
		AA4938481AD21470000FCC9B /* UIImage+ImageEffects.h */ = {isa = PBXFileReference; fileEncoding = 4; lastKnownFileType = sourcecode.c.h; path = "UIImage+ImageEffects.h"; sourceTree = "<group>"; };
		AA4938491AD21470000FCC9B /* UIImage+ImageEffects.m */ = {isa = PBXFileReference; fileEncoding = 4; lastKnownFileType = sourcecode.c.objc; path = "UIImage+ImageEffects.m"; sourceTree = "<group>"; };
		AA49384B1AD215D9000FCC9B /* UILabel+FormattedText.m */ = {isa = PBXFileReference; fileEncoding = 4; lastKnownFileType = sourcecode.c.objc; path = "UILabel+FormattedText.m"; sourceTree = "<group>"; };
		AA49384C1AD215D9000FCC9B /* UILabel+FormattedText.h */ = {isa = PBXFileReference; fileEncoding = 4; lastKnownFileType = sourcecode.c.h; path = "UILabel+FormattedText.h"; sourceTree = "<group>"; };
		AA49384E1AD24C51000FCC9B /* slideItemTVC.h */ = {isa = PBXFileReference; fileEncoding = 4; lastKnownFileType = sourcecode.c.h; path = slideItemTVC.h; sourceTree = "<group>"; };
		AA49384F1AD24C51000FCC9B /* slideItemTVC.m */ = {isa = PBXFileReference; fileEncoding = 4; lastKnownFileType = sourcecode.c.objc; path = slideItemTVC.m; sourceTree = "<group>"; };
		AA4938511AD24C9F000FCC9B /* ManageTableVC.h */ = {isa = PBXFileReference; fileEncoding = 4; lastKnownFileType = sourcecode.c.h; path = ManageTableVC.h; sourceTree = "<group>"; };
		AA4938521AD24C9F000FCC9B /* ManageTableVC.m */ = {isa = PBXFileReference; fileEncoding = 4; lastKnownFileType = sourcecode.c.objc; path = ManageTableVC.m; sourceTree = "<group>"; };
		AA5A86921ACA09C0005DAF4A /* SlideItemVC.h */ = {isa = PBXFileReference; fileEncoding = 4; lastKnownFileType = sourcecode.c.h; path = SlideItemVC.h; sourceTree = "<group>"; };
		AA5A86931ACA09C0005DAF4A /* SlideItemVC.m */ = {isa = PBXFileReference; fileEncoding = 4; lastKnownFileType = sourcecode.c.objc; path = SlideItemVC.m; sourceTree = "<group>"; };
		AA5A86951ACA0A63005DAF4A /* RootVC.h */ = {isa = PBXFileReference; fileEncoding = 4; lastKnownFileType = sourcecode.c.h; path = RootVC.h; sourceTree = "<group>"; };
		AA5A86961ACA0A63005DAF4A /* RootVC.m */ = {isa = PBXFileReference; fileEncoding = 4; lastKnownFileType = sourcecode.c.objc; path = RootVC.m; sourceTree = "<group>"; };
		AA5A869B1ACA572B005DAF4A /* SlideItemCVC.h */ = {isa = PBXFileReference; fileEncoding = 4; lastKnownFileType = sourcecode.c.h; path = SlideItemCVC.h; sourceTree = "<group>"; };
		AA5A869C1ACA572B005DAF4A /* SlideItemCVC.m */ = {isa = PBXFileReference; fileEncoding = 4; lastKnownFileType = sourcecode.c.objc; path = SlideItemCVC.m; sourceTree = "<group>"; };
		AA87F4851ACF4C1900AA6AB1 /* UIColor+AGColors.h */ = {isa = PBXFileReference; fileEncoding = 4; lastKnownFileType = sourcecode.c.h; path = "UIColor+AGColors.h"; sourceTree = "<group>"; };
		AA87F4861ACF4C1900AA6AB1 /* UIColor+AGColors.m */ = {isa = PBXFileReference; fileEncoding = 4; lastKnownFileType = sourcecode.c.objc; path = "UIColor+AGColors.m"; sourceTree = "<group>"; };
		AA8F66241A8EA73700CA4604 /* agora.app */ = {isa = PBXFileReference; explicitFileType = wrapper.application; includeInIndex = 0; path = agora.app; sourceTree = BUILT_PRODUCTS_DIR; };
		AA8F66281A8EA73700CA4604 /* Info.plist */ = {isa = PBXFileReference; lastKnownFileType = text.plist.xml; path = Info.plist; sourceTree = "<group>"; };
		AA8F66291A8EA73700CA4604 /* main.m */ = {isa = PBXFileReference; lastKnownFileType = sourcecode.c.objc; path = main.m; sourceTree = "<group>"; };
		AA8F662B1A8EA73700CA4604 /* AppDelegate.h */ = {isa = PBXFileReference; lastKnownFileType = sourcecode.c.h; path = AppDelegate.h; sourceTree = "<group>"; };
		AA8F662C1A8EA73700CA4604 /* AppDelegate.m */ = {isa = PBXFileReference; lastKnownFileType = sourcecode.c.objc; path = AppDelegate.m; sourceTree = "<group>"; };
		AA8F66341A8EA73700CA4604 /* Images.xcassets */ = {isa = PBXFileReference; lastKnownFileType = folder.assetcatalog; path = Images.xcassets; sourceTree = "<group>"; };
		AA8F66371A8EA73700CA4604 /* Base */ = {isa = PBXFileReference; lastKnownFileType = file.xib; name = Base; path = Base.lproj/LaunchScreen.xib; sourceTree = "<group>"; };
		AA8F663D1A8EA73700CA4604 /* agoraTests.xctest */ = {isa = PBXFileReference; explicitFileType = wrapper.cfbundle; includeInIndex = 0; path = agoraTests.xctest; sourceTree = BUILT_PRODUCTS_DIR; };
		AA8F66421A8EA73700CA4604 /* Info.plist */ = {isa = PBXFileReference; lastKnownFileType = text.plist.xml; path = Info.plist; sourceTree = "<group>"; };
		AA8F66431A8EA73700CA4604 /* agoraTests.m */ = {isa = PBXFileReference; lastKnownFileType = sourcecode.c.objc; path = agoraTests.m; sourceTree = "<group>"; };
		AAA611B71AD9076000535A7E /* ChatVC.h */ = {isa = PBXFileReference; fileEncoding = 4; lastKnownFileType = sourcecode.c.h; path = ChatVC.h; sourceTree = "<group>"; };
		AAA611B81AD9076000535A7E /* ChatVC.m */ = {isa = PBXFileReference; fileEncoding = 4; lastKnownFileType = sourcecode.c.objc; path = ChatVC.m; sourceTree = "<group>"; };
		AAA611BA1AD9085F00535A7E /* SettingsVC.h */ = {isa = PBXFileReference; fileEncoding = 4; lastKnownFileType = sourcecode.c.h; path = SettingsVC.h; sourceTree = "<group>"; };
		AAA611BB1AD9085F00535A7E /* SettingsVC.m */ = {isa = PBXFileReference; fileEncoding = 4; lastKnownFileType = sourcecode.c.objc; path = SettingsVC.m; sourceTree = "<group>"; };
		AAF958D01AD3B9FE00C1C7D5 /* UIButton+FormatText.h */ = {isa = PBXFileReference; fileEncoding = 4; lastKnownFileType = sourcecode.c.h; path = "UIButton+FormatText.h"; sourceTree = "<group>"; };
		AAF958D11AD3B9FE00C1C7D5 /* UIButton+FormatText.m */ = {isa = PBXFileReference; fileEncoding = 4; lastKnownFileType = sourcecode.c.objc; path = "UIButton+FormatText.m"; sourceTree = "<group>"; };
		AD958F511AA598C100ABCFB3 /* libsqlite3.dylib */ = {isa = PBXFileReference; lastKnownFileType = "compiled.mach-o.dylib"; name = libsqlite3.dylib; path = usr/lib/libsqlite3.dylib; sourceTree = SDKROOT; };
		AD958F531AA5994500ABCFB3 /* AudioToolbox.framework */ = {isa = PBXFileReference; lastKnownFileType = wrapper.framework; name = AudioToolbox.framework; path = System/Library/Frameworks/AudioToolbox.framework; sourceTree = SDKROOT; };
		AD958F551AA5997600ABCFB3 /* SystemConfiguration.framework */ = {isa = PBXFileReference; lastKnownFileType = wrapper.framework; name = SystemConfiguration.framework; path = System/Library/Frameworks/SystemConfiguration.framework; sourceTree = SDKROOT; };
		AD958F571AA599C800ABCFB3 /* MobileCoreServices.framework */ = {isa = PBXFileReference; lastKnownFileType = wrapper.framework; name = MobileCoreServices.framework; path = System/Library/Frameworks/MobileCoreServices.framework; sourceTree = SDKROOT; };
		AD9A769D1AD8A22300BB2C23 /* Firebase.framework */ = {isa = PBXFileReference; lastKnownFileType = wrapper.framework; path = Firebase.framework; sourceTree = "<group>"; };
		AD9A769F1AD8A24400BB2C23 /* libicucore.dylib */ = {isa = PBXFileReference; lastKnownFileType = "compiled.mach-o.dylib"; name = libicucore.dylib; path = usr/lib/libicucore.dylib; sourceTree = SDKROOT; };
		AD9A76A11AD8A25000BB2C23 /* libc++.dylib */ = {isa = PBXFileReference; lastKnownFileType = "compiled.mach-o.dylib"; name = "libc++.dylib"; path = "usr/lib/libc++.dylib"; sourceTree = SDKROOT; };
		AD9A76A31AD8A26200BB2C23 /* CFNetwork.framework */ = {isa = PBXFileReference; lastKnownFileType = wrapper.framework; name = CFNetwork.framework; path = System/Library/Frameworks/CFNetwork.framework; sourceTree = SDKROOT; };
		AD9A76A51AD8A27600BB2C23 /* Security.framework */ = {isa = PBXFileReference; lastKnownFileType = wrapper.framework; name = Security.framework; path = System/Library/Frameworks/Security.framework; sourceTree = SDKROOT; };
		ADA500F01ABF6E7C000D6D9E /* Post.m */ = {isa = PBXFileReference; fileEncoding = 4; lastKnownFileType = sourcecode.c.objc; path = Post.m; sourceTree = "<group>"; };
/* End PBXFileReference section */

/* Begin PBXFrameworksBuildPhase section */
		AA8F66211A8EA73700CA4604 /* Frameworks */ = {
			isa = PBXFrameworksBuildPhase;
			buildActionMask = 2147483647;
			files = (
				0BDE0BB41AD9D7230007972B /* Bolts.framework in Frameworks */,
				AD9A76A61AD8A27600BB2C23 /* Security.framework in Frameworks */,
				AD9A76A41AD8A26200BB2C23 /* CFNetwork.framework in Frameworks */,
				AD9A76A21AD8A25000BB2C23 /* libc++.dylib in Frameworks */,
				AD9A76A01AD8A24400BB2C23 /* libicucore.dylib in Frameworks */,
				0BF40AC31ACE2A9A0034A1E5 /* ParseFacebookUtilsV4.framework in Frameworks */,
				9EFE8A8A1AB7CF4C000018F7 /* Accounts.framework in Frameworks */,
				0BF40ABB1ACE215C0034A1E5 /* FBSDKCoreKit.framework in Frameworks */,
				0BF40AC11ACE28CC0034A1E5 /* FBSDKLoginKit.framework in Frameworks */,
				0B8996CD1ACE1CFB00357EC3 /* ParseCrashReporting.framework in Frameworks */,
				0B8996CC1ACE1CFB00357EC3 /* Parse.framework in Frameworks */,
				9EFE8A881AB7CED1000018F7 /* Social.framework in Frameworks */,
				AD958F521AA598C100ABCFB3 /* libsqlite3.dylib in Frameworks */,
				0BF40ABC1ACE215C0034A1E5 /* FBSDKMessengerShareKit.framework in Frameworks */,
				AD958F581AA599C800ABCFB3 /* MobileCoreServices.framework in Frameworks */,
				AD958F561AA5997600ABCFB3 /* SystemConfiguration.framework in Frameworks */,
				0BF40ABD1ACE215C0034A1E5 /* FBSDKShareKit.framework in Frameworks */,
				AD958F541AA5994500ABCFB3 /* AudioToolbox.framework in Frameworks */,
				0B8996D01ACE1CFB00357EC3 /* ParseUI.framework in Frameworks */,
				AD9A769E1AD8A22300BB2C23 /* Firebase.framework in Frameworks */,
			);
			runOnlyForDeploymentPostprocessing = 0;
		};
		AA8F663A1A8EA73700CA4604 /* Frameworks */ = {
			isa = PBXFrameworksBuildPhase;
			buildActionMask = 2147483647;
			files = (
			);
			runOnlyForDeploymentPostprocessing = 0;
		};
/* End PBXFrameworksBuildPhase section */

/* Begin PBXGroup section */
		0B6A8BDF1AD0B89800523D63 /* AddPostView */ = {
			isa = PBXGroup;
			children = (
				0BCC9C531ACFAA8A00A75108 /* AddPostButton.h */,
				0BCC9C541ACFAA8A00A75108 /* AddPostButton.m */,
				0B5A58F31AD5BD2C005DD9C3 /* AddPostViewCell.h */,
				0B5A58F41AD5BD2C005DD9C3 /* AddPostViewCell.m */,
				0BC025621ABB27860076A09B /* AddPostViewController.h */,
				0BC025631ABB27860076A09B /* AddPostViewController.m */,
			);
			name = AddPostView;
			sourceTree = "<group>";
		};
		0B8996C41ACE1CFB00357EC3 /* parse-library-1.7.1 */ = {
			isa = PBXGroup;
			children = (
				0BE047281AD8502300949C69 /* Bolts.framework */,
				0BF40ABE1ACE21900034A1E5 /* ParseFacebookUtilsV4.framework */,
				0B8996C61ACE1CFB00357EC3 /* Parse.framework */,
				0B8996C71ACE1CFB00357EC3 /* ParseCrashReporting.framework */,
				0B8996CA1ACE1CFB00357EC3 /* ParseUI.framework */,
			);
			name = "parse-library-1.7.1";
			path = "agora/parse-library-1.7.1";
			sourceTree = "<group>";
		};
		0BACC1A21ACFBBBD00B52E7F /* Misc */ = {
			isa = PBXGroup;
			children = (
				AA87F4881ACF4E5800AA6AB1 /* Categories */,
				0BC025661ABB2E390076A09B /* PostCollectionViewCell.h */,
				0BC025671ABB2E390076A09B /* PostCollectionViewCell.m */,
				9E2DA4351AD3705400296C34 /* ManageTableViewCell.h */,
				9E2DA4361AD3705400296C34 /* ManageTableViewCell.m */,
			);
			name = Misc;
			sourceTree = "<group>";
		};
		0BC025651ABB2E070076A09B /* Base Classes */ = {
			isa = PBXGroup;
			children = (
				AA49384E1AD24C51000FCC9B /* slideItemTVC.h */,
				AA49384F1AD24C51000FCC9B /* slideItemTVC.m */,
				AA5A869B1ACA572B005DAF4A /* SlideItemCVC.h */,
				AA5A869C1ACA572B005DAF4A /* SlideItemCVC.m */,
				AA5A86921ACA09C0005DAF4A /* SlideItemVC.h */,
				AA5A86931ACA09C0005DAF4A /* SlideItemVC.m */,
			);
			name = "Base Classes";
			sourceTree = "<group>";
		};
		0BF40AB71ACE213D0034A1E5 /* FacebookSDK */ = {
			isa = PBXGroup;
			children = (
				0BF40AC01ACE28CC0034A1E5 /* FBSDKLoginKit.framework */,
				0BF40AB81ACE215C0034A1E5 /* FBSDKCoreKit.framework */,
				0BF40AB91ACE215C0034A1E5 /* FBSDKMessengerShareKit.framework */,
				0BF40ABA1ACE215C0034A1E5 /* FBSDKShareKit.framework */,
			);
			name = FacebookSDK;
			sourceTree = "<group>";
		};
		9EFE8A7F1AB7C3F7000018F7 /* Frameworks */ = {
			isa = PBXGroup;
			children = (
				AD9A76A51AD8A27600BB2C23 /* Security.framework */,
				AD9A76A31AD8A26200BB2C23 /* CFNetwork.framework */,
				AD9A76A11AD8A25000BB2C23 /* libc++.dylib */,
				AD9A769F1AD8A24400BB2C23 /* libicucore.dylib */,
				AD9A769D1AD8A22300BB2C23 /* Firebase.framework */,
				0BF40AB71ACE213D0034A1E5 /* FacebookSDK */,
				0B8996C41ACE1CFB00357EC3 /* parse-library-1.7.1 */,
				9EFE8A891AB7CF4C000018F7 /* Accounts.framework */,
				AD958F511AA598C100ABCFB3 /* libsqlite3.dylib */,
				9EFE8A831AB7C475000018F7 /* Social.framework */,
				AD958F531AA5994500ABCFB3 /* AudioToolbox.framework */,
				AD958F571AA599C800ABCFB3 /* MobileCoreServices.framework */,
				AD958F551AA5997600ABCFB3 /* SystemConfiguration.framework */,
			);
			name = Frameworks;
			sourceTree = "<group>";
		};
		9EFE8A801AB7C41F000018F7 /* Interface */ = {
			isa = PBXGroup;
			children = (
				AA8F66361A8EA73700CA4604 /* LaunchScreen.xib */,
				0B58E4CD1ACFC27300694BE8 /* Main.storyboard */,
			);
			name = Interface;
			sourceTree = "<group>";
		};
		9EFE8A811AB7C431000018F7 /* View Controllers */ = {
			isa = PBXGroup;
			children = (
				0B6A8BDF1AD0B89800523D63 /* AddPostView */,
				0BACC1A21ACFBBBD00B52E7F /* Misc */,
				0BC025651ABB2E070076A09B /* Base Classes */,
				0BA5323E1AB7CC6000A730C6 /* LoginViewController.h */,
				0BA5323F1AB7CC6000A730C6 /* LoginViewController.m */,
				0BC025691ABB3ECB0076A09B /* DetailedPostViewController.h */,
				0BC0256A1ABB3ECB0076A09B /* DetailedPostViewController.m */,
				AA5A86951ACA0A63005DAF4A /* RootVC.h */,
				AA5A86961ACA0A63005DAF4A /* RootVC.m */,
				AAA611BA1AD9085F00535A7E /* SettingsVC.h */,
				AAA611BB1AD9085F00535A7E /* SettingsVC.m */,
				AA4938511AD24C9F000FCC9B /* ManageTableVC.h */,
				AA4938521AD24C9F000FCC9B /* ManageTableVC.m */,
				0BA5323C1AB7CC6000A730C6 /* BrowseCollectionViewController.h */,
				0BA5323D1AB7CC6000A730C6 /* BrowseCollectionViewController.m */,
				AAA611B71AD9076000535A7E /* ChatVC.h */,
				AAA611B81AD9076000535A7E /* ChatVC.m */,
			);
			name = "View Controllers";
			sourceTree = "<group>";
		};
		9EFE8A821AB7C454000018F7 /* Data */ = {
			isa = PBXGroup;
			children = (
				0BA532451AB7CCB000A730C6 /* ParseInterface.h */,
				0BA532461AB7CCB000A730C6 /* ParseInterface.m */,
				9EFE8A7A1AB7B819000018F7 /* Post.h */,
				ADA500F01ABF6E7C000D6D9E /* Post.m */,
			);
			name = Data;
			sourceTree = "<group>";
		};
		AA87F4881ACF4E5800AA6AB1 /* Categories */ = {
			isa = PBXGroup;
			children = (
				AAF958D01AD3B9FE00C1C7D5 /* UIButton+FormatText.h */,
				AAF958D11AD3B9FE00C1C7D5 /* UIButton+FormatText.m */,
				AA49384C1AD215D9000FCC9B /* UILabel+FormattedText.h */,
				AA49384B1AD215D9000FCC9B /* UILabel+FormattedText.m */,
				AA4938481AD21470000FCC9B /* UIImage+ImageEffects.h */,
				AA4938491AD21470000FCC9B /* UIImage+ImageEffects.m */,
				AA87F4851ACF4C1900AA6AB1 /* UIColor+AGColors.h */,
				AA87F4861ACF4C1900AA6AB1 /* UIColor+AGColors.m */,
			);
			name = Categories;
			sourceTree = "<group>";
		};
		AA8F661B1A8EA73700CA4604 = {
			isa = PBXGroup;
			children = (
				9EFE8A7F1AB7C3F7000018F7 /* Frameworks */,
				AA8F66261A8EA73700CA4604 /* agora */,
				AA8F66401A8EA73700CA4604 /* agoraTests */,
				AA8F66251A8EA73700CA4604 /* Products */,
			);
			sourceTree = "<group>";
		};
		AA8F66251A8EA73700CA4604 /* Products */ = {
			isa = PBXGroup;
			children = (
				AA8F66241A8EA73700CA4604 /* agora.app */,
				AA8F663D1A8EA73700CA4604 /* agoraTests.xctest */,
			);
			name = Products;
			sourceTree = "<group>";
		};
		AA8F66261A8EA73700CA4604 /* agora */ = {
			isa = PBXGroup;
			children = (
				AA8F662B1A8EA73700CA4604 /* AppDelegate.h */,
				AA8F662C1A8EA73700CA4604 /* AppDelegate.m */,
				9EFE8A821AB7C454000018F7 /* Data */,
				9EFE8A801AB7C41F000018F7 /* Interface */,
				9EFE8A811AB7C431000018F7 /* View Controllers */,
				AA8F66271A8EA73700CA4604 /* Supporting Files */,
			);
			path = agora;
			sourceTree = "<group>";
		};
		AA8F66271A8EA73700CA4604 /* Supporting Files */ = {
			isa = PBXGroup;
			children = (
				0B4664CC1ACBAECD00E9A3E8 /* Entitlements.plist */,
				AA8F66341A8EA73700CA4604 /* Images.xcassets */,
				AA8F66281A8EA73700CA4604 /* Info.plist */,
				AA8F66291A8EA73700CA4604 /* main.m */,
			);
			name = "Supporting Files";
			sourceTree = "<group>";
		};
		AA8F66401A8EA73700CA4604 /* agoraTests */ = {
			isa = PBXGroup;
			children = (
				AA8F66431A8EA73700CA4604 /* agoraTests.m */,
				AA8F66411A8EA73700CA4604 /* Supporting Files */,
			);
			path = agoraTests;
			sourceTree = "<group>";
		};
		AA8F66411A8EA73700CA4604 /* Supporting Files */ = {
			isa = PBXGroup;
			children = (
				AA8F66421A8EA73700CA4604 /* Info.plist */,
			);
			name = "Supporting Files";
			sourceTree = "<group>";
		};
/* End PBXGroup section */

/* Begin PBXNativeTarget section */
		AA8F66231A8EA73700CA4604 /* agora */ = {
			isa = PBXNativeTarget;
			buildConfigurationList = AA8F66471A8EA73700CA4604 /* Build configuration list for PBXNativeTarget "agora" */;
			buildPhases = (
				AA8F66201A8EA73700CA4604 /* Sources */,
				AA8F66211A8EA73700CA4604 /* Frameworks */,
				AA8F66221A8EA73700CA4604 /* Resources */,
			);
			buildRules = (
			);
			dependencies = (
			);
			name = agora;
			productName = agora;
			productReference = AA8F66241A8EA73700CA4604 /* agora.app */;
			productType = "com.apple.product-type.application";
		};
		AA8F663C1A8EA73700CA4604 /* agoraTests */ = {
			isa = PBXNativeTarget;
			buildConfigurationList = AA8F664A1A8EA73700CA4604 /* Build configuration list for PBXNativeTarget "agoraTests" */;
			buildPhases = (
				AA8F66391A8EA73700CA4604 /* Sources */,
				AA8F663A1A8EA73700CA4604 /* Frameworks */,
				AA8F663B1A8EA73700CA4604 /* Resources */,
			);
			buildRules = (
			);
			dependencies = (
				AA8F663F1A8EA73700CA4604 /* PBXTargetDependency */,
			);
			name = agoraTests;
			productName = agoraTests;
			productReference = AA8F663D1A8EA73700CA4604 /* agoraTests.xctest */;
			productType = "com.apple.product-type.bundle.unit-test";
		};
/* End PBXNativeTarget section */

/* Begin PBXProject section */
		AA8F661C1A8EA73700CA4604 /* Project object */ = {
			isa = PBXProject;
			attributes = {
				LastUpgradeCheck = 0610;
				ORGANIZATIONNAME = Ethan;
				TargetAttributes = {
					AA8F66231A8EA73700CA4604 = {
						CreatedOnToolsVersion = 6.1.1;
					};
					AA8F663C1A8EA73700CA4604 = {
						CreatedOnToolsVersion = 6.1.1;
						TestTargetID = AA8F66231A8EA73700CA4604;
					};
				};
			};
			buildConfigurationList = AA8F661F1A8EA73700CA4604 /* Build configuration list for PBXProject "agora" */;
			compatibilityVersion = "Xcode 3.2";
			developmentRegion = English;
			hasScannedForEncodings = 0;
			knownRegions = (
				en,
				Base,
			);
			mainGroup = AA8F661B1A8EA73700CA4604;
			productRefGroup = AA8F66251A8EA73700CA4604 /* Products */;
			projectDirPath = "";
			projectRoot = "";
			targets = (
				AA8F66231A8EA73700CA4604 /* agora */,
				AA8F663C1A8EA73700CA4604 /* agoraTests */,
			);
		};
/* End PBXProject section */

/* Begin PBXResourcesBuildPhase section */
		AA8F66221A8EA73700CA4604 /* Resources */ = {
			isa = PBXResourcesBuildPhase;
			buildActionMask = 2147483647;
			files = (
				0B4664CD1ACBAECD00E9A3E8 /* Entitlements.plist in Resources */,
				AA8F66381A8EA73700CA4604 /* LaunchScreen.xib in Resources */,
				AA8F66351A8EA73700CA4604 /* Images.xcassets in Resources */,
				0B58E4CF1ACFC27300694BE8 /* Main.storyboard in Resources */,
			);
			runOnlyForDeploymentPostprocessing = 0;
		};
		AA8F663B1A8EA73700CA4604 /* Resources */ = {
			isa = PBXResourcesBuildPhase;
			buildActionMask = 2147483647;
			files = (
			);
			runOnlyForDeploymentPostprocessing = 0;
		};
/* End PBXResourcesBuildPhase section */

/* Begin PBXSourcesBuildPhase section */
		AA8F66201A8EA73700CA4604 /* Sources */ = {
			isa = PBXSourcesBuildPhase;
			buildActionMask = 2147483647;
			files = (
				AAA611B91AD9076000535A7E /* ChatVC.m in Sources */,
				0BC0256B1ABB3ECB0076A09B /* DetailedPostViewController.m in Sources */,
				AA8F662D1A8EA73700CA4604 /* AppDelegate.m in Sources */,
				0BA532411AB7CC6000A730C6 /* LoginViewController.m in Sources */,
				AAF958D21AD3B9FE00C1C7D5 /* UIButton+FormatText.m in Sources */,
				AA5A86941ACA09C0005DAF4A /* SlideItemVC.m in Sources */,
				0BC025641ABB27860076A09B /* AddPostViewController.m in Sources */,
				0BCC9C551ACFAA8A00A75108 /* AddPostButton.m in Sources */,
				AA49384D1AD215D9000FCC9B /* UILabel+FormattedText.m in Sources */,
				AA5A869D1ACA572B005DAF4A /* SlideItemCVC.m in Sources */,
				AA5A86971ACA0A63005DAF4A /* RootVC.m in Sources */,
				ADA500F11ABF6E7C000D6D9E /* Post.m in Sources */,
				0BA532471AB7CCB000A730C6 /* ParseInterface.m in Sources */,
				9E2DA4371AD3705400296C34 /* ManageTableViewCell.m in Sources */,
				0B5A58F51AD5BD2C005DD9C3 /* AddPostViewCell.m in Sources */,
				0BA532401AB7CC6000A730C6 /* BrowseCollectionViewController.m in Sources */,
				AA49384A1AD21470000FCC9B /* UIImage+ImageEffects.m in Sources */,
				AAA611BC1AD9085F00535A7E /* SettingsVC.m in Sources */,
				AA8F662A1A8EA73700CA4604 /* main.m in Sources */,
				AA4938531AD24C9F000FCC9B /* ManageTableVC.m in Sources */,
				AA4938501AD24C51000FCC9B /* slideItemTVC.m in Sources */,
				0BC025681ABB2E390076A09B /* PostCollectionViewCell.m in Sources */,
				AA87F4871ACF4C1900AA6AB1 /* UIColor+AGColors.m in Sources */,
			);
			runOnlyForDeploymentPostprocessing = 0;
		};
		AA8F66391A8EA73700CA4604 /* Sources */ = {
			isa = PBXSourcesBuildPhase;
			buildActionMask = 2147483647;
			files = (
				AA8F66441A8EA73700CA4604 /* agoraTests.m in Sources */,
			);
			runOnlyForDeploymentPostprocessing = 0;
		};
/* End PBXSourcesBuildPhase section */

/* Begin PBXTargetDependency section */
		AA8F663F1A8EA73700CA4604 /* PBXTargetDependency */ = {
			isa = PBXTargetDependency;
			target = AA8F66231A8EA73700CA4604 /* agora */;
			targetProxy = AA8F663E1A8EA73700CA4604 /* PBXContainerItemProxy */;
		};
/* End PBXTargetDependency section */

/* Begin PBXVariantGroup section */
		0B58E4CD1ACFC27300694BE8 /* Main.storyboard */ = {
			isa = PBXVariantGroup;
			children = (
				0B58E4CE1ACFC27300694BE8 /* Base */,
			);
			name = Main.storyboard;
			sourceTree = "<group>";
		};
		AA8F66361A8EA73700CA4604 /* LaunchScreen.xib */ = {
			isa = PBXVariantGroup;
			children = (
				AA8F66371A8EA73700CA4604 /* Base */,
			);
			name = LaunchScreen.xib;
			sourceTree = "<group>";
		};
/* End PBXVariantGroup section */

/* Begin XCBuildConfiguration section */
		AA8F66451A8EA73700CA4604 /* Debug */ = {
			isa = XCBuildConfiguration;
			buildSettings = {
				ALWAYS_SEARCH_USER_PATHS = NO;
				CLANG_ALLOW_NON_MODULAR_INCLUDES_IN_FRAMEWORK_MODULES = NO;
				CLANG_CXX_LANGUAGE_STANDARD = "gnu++0x";
				CLANG_CXX_LIBRARY = "libc++";
				CLANG_ENABLE_MODULES = YES;
				CLANG_ENABLE_OBJC_ARC = YES;
				CLANG_WARN_BOOL_CONVERSION = YES;
				CLANG_WARN_CONSTANT_CONVERSION = YES;
				CLANG_WARN_DIRECT_OBJC_ISA_USAGE = YES_ERROR;
				CLANG_WARN_EMPTY_BODY = YES;
				CLANG_WARN_ENUM_CONVERSION = YES;
				CLANG_WARN_INT_CONVERSION = YES;
				CLANG_WARN_OBJC_ROOT_CLASS = YES_ERROR;
				CLANG_WARN_UNREACHABLE_CODE = YES;
				CLANG_WARN__DUPLICATE_METHOD_MATCH = YES;
				CODE_SIGN_ENTITLEMENTS = Entitlements.plist;
				CODE_SIGN_IDENTITY = "-";
				"CODE_SIGN_IDENTITY[sdk=iphoneos*]" = "-";
				COPY_PHASE_STRIP = NO;
				ENABLE_STRICT_OBJC_MSGSEND = YES;
				GCC_C_LANGUAGE_STANDARD = gnu99;
				GCC_DYNAMIC_NO_PIC = NO;
				GCC_OPTIMIZATION_LEVEL = 0;
				GCC_PREPROCESSOR_DEFINITIONS = (
					"DEBUG=1",
					"$(inherited)",
				);
				GCC_SYMBOLS_PRIVATE_EXTERN = NO;
				GCC_WARN_64_TO_32_BIT_CONVERSION = YES;
				GCC_WARN_ABOUT_RETURN_TYPE = YES_ERROR;
				GCC_WARN_UNDECLARED_SELECTOR = YES;
				GCC_WARN_UNINITIALIZED_AUTOS = YES_AGGRESSIVE;
				GCC_WARN_UNUSED_FUNCTION = YES;
				GCC_WARN_UNUSED_VARIABLE = YES;
				IPHONEOS_DEPLOYMENT_TARGET = 8.1;
				MTL_ENABLE_DEBUG_INFO = YES;
				ONLY_ACTIVE_ARCH = YES;
				SDKROOT = iphoneos;
			};
			name = Debug;
		};
		AA8F66461A8EA73700CA4604 /* Release */ = {
			isa = XCBuildConfiguration;
			buildSettings = {
				ALWAYS_SEARCH_USER_PATHS = NO;
				CLANG_ALLOW_NON_MODULAR_INCLUDES_IN_FRAMEWORK_MODULES = NO;
				CLANG_CXX_LANGUAGE_STANDARD = "gnu++0x";
				CLANG_CXX_LIBRARY = "libc++";
				CLANG_ENABLE_MODULES = YES;
				CLANG_ENABLE_OBJC_ARC = YES;
				CLANG_WARN_BOOL_CONVERSION = YES;
				CLANG_WARN_CONSTANT_CONVERSION = YES;
				CLANG_WARN_DIRECT_OBJC_ISA_USAGE = YES_ERROR;
				CLANG_WARN_EMPTY_BODY = YES;
				CLANG_WARN_ENUM_CONVERSION = YES;
				CLANG_WARN_INT_CONVERSION = YES;
				CLANG_WARN_OBJC_ROOT_CLASS = YES_ERROR;
				CLANG_WARN_UNREACHABLE_CODE = YES;
				CLANG_WARN__DUPLICATE_METHOD_MATCH = YES;
				CODE_SIGN_ENTITLEMENTS = Entitlements.plist;
				CODE_SIGN_IDENTITY = "-";
				"CODE_SIGN_IDENTITY[sdk=iphoneos*]" = "iPhone Developer";
				COPY_PHASE_STRIP = YES;
				ENABLE_NS_ASSERTIONS = NO;
				ENABLE_STRICT_OBJC_MSGSEND = YES;
				GCC_C_LANGUAGE_STANDARD = gnu99;
				GCC_WARN_64_TO_32_BIT_CONVERSION = YES;
				GCC_WARN_ABOUT_RETURN_TYPE = YES_ERROR;
				GCC_WARN_UNDECLARED_SELECTOR = YES;
				GCC_WARN_UNINITIALIZED_AUTOS = YES_AGGRESSIVE;
				GCC_WARN_UNUSED_FUNCTION = YES;
				GCC_WARN_UNUSED_VARIABLE = YES;
				IPHONEOS_DEPLOYMENT_TARGET = 8.1;
				MTL_ENABLE_DEBUG_INFO = NO;
				SDKROOT = iphoneos;
				VALIDATE_PRODUCT = YES;
			};
			name = Release;
		};
		AA8F66481A8EA73700CA4604 /* Debug */ = {
			isa = XCBuildConfiguration;
			buildSettings = {
				ASSETCATALOG_COMPILER_APPICON_NAME = AppIcon;
				FRAMEWORK_SEARCH_PATHS = (
					"$(inherited)",
					"$(PROJECT_DIR)/agora/parse-library-1.7.1",
					"$(PROJECT_DIR)/agora/FacebookSDK",
					"$(PROJECT_DIR)",
				);
				INFOPLIST_FILE = agora/Info.plist;
				LD_RUNPATH_SEARCH_PATHS = "$(inherited) @executable_path/Frameworks";
				PRODUCT_NAME = "$(TARGET_NAME)";
				TARGETED_DEVICE_FAMILY = 1;
			};
			name = Debug;
		};
		AA8F66491A8EA73700CA4604 /* Release */ = {
			isa = XCBuildConfiguration;
			buildSettings = {
				ASSETCATALOG_COMPILER_APPICON_NAME = AppIcon;
				FRAMEWORK_SEARCH_PATHS = (
					"$(inherited)",
					"$(PROJECT_DIR)/agora/parse-library-1.7.1",
					"$(PROJECT_DIR)/agora/FacebookSDK",
					"$(PROJECT_DIR)",
				);
				INFOPLIST_FILE = agora/Info.plist;
				LD_RUNPATH_SEARCH_PATHS = "$(inherited) @executable_path/Frameworks";
				PRODUCT_NAME = "$(TARGET_NAME)";
				TARGETED_DEVICE_FAMILY = 1;
			};
			name = Release;
		};
		AA8F664B1A8EA73700CA4604 /* Debug */ = {
			isa = XCBuildConfiguration;
			buildSettings = {
				BUNDLE_LOADER = "$(TEST_HOST)";
				FRAMEWORK_SEARCH_PATHS = (
					"$(SDKROOT)/Developer/Library/Frameworks",
					"$(inherited)",
				);
				GCC_PREPROCESSOR_DEFINITIONS = (
					"DEBUG=1",
					"$(inherited)",
				);
				INFOPLIST_FILE = agoraTests/Info.plist;
				LD_RUNPATH_SEARCH_PATHS = "$(inherited) @executable_path/Frameworks @loader_path/Frameworks";
				PRODUCT_NAME = "$(TARGET_NAME)";
				TEST_HOST = "$(BUILT_PRODUCTS_DIR)/agora.app/agora";
			};
			name = Debug;
		};
		AA8F664C1A8EA73700CA4604 /* Release */ = {
			isa = XCBuildConfiguration;
			buildSettings = {
				BUNDLE_LOADER = "$(TEST_HOST)";
				FRAMEWORK_SEARCH_PATHS = (
					"$(SDKROOT)/Developer/Library/Frameworks",
					"$(inherited)",
				);
				INFOPLIST_FILE = agoraTests/Info.plist;
				LD_RUNPATH_SEARCH_PATHS = "$(inherited) @executable_path/Frameworks @loader_path/Frameworks";
				PRODUCT_NAME = "$(TARGET_NAME)";
				TEST_HOST = "$(BUILT_PRODUCTS_DIR)/agora.app/agora";
			};
			name = Release;
		};
/* End XCBuildConfiguration section */

/* Begin XCConfigurationList section */
		AA8F661F1A8EA73700CA4604 /* Build configuration list for PBXProject "agora" */ = {
			isa = XCConfigurationList;
			buildConfigurations = (
				AA8F66451A8EA73700CA4604 /* Debug */,
				AA8F66461A8EA73700CA4604 /* Release */,
			);
			defaultConfigurationIsVisible = 0;
			defaultConfigurationName = Release;
		};
		AA8F66471A8EA73700CA4604 /* Build configuration list for PBXNativeTarget "agora" */ = {
			isa = XCConfigurationList;
			buildConfigurations = (
				AA8F66481A8EA73700CA4604 /* Debug */,
				AA8F66491A8EA73700CA4604 /* Release */,
			);
			defaultConfigurationIsVisible = 0;
			defaultConfigurationName = Release;
		};
		AA8F664A1A8EA73700CA4604 /* Build configuration list for PBXNativeTarget "agoraTests" */ = {
			isa = XCConfigurationList;
			buildConfigurations = (
				AA8F664B1A8EA73700CA4604 /* Debug */,
				AA8F664C1A8EA73700CA4604 /* Release */,
			);
			defaultConfigurationIsVisible = 0;
			defaultConfigurationName = Release;
		};
/* End XCConfigurationList section */
	};
	rootObject = AA8F661C1A8EA73700CA4604 /* Project object */;
}
